
Microsoft Visual Studio Solution File, Format Version 12.00
# Visual Studio Version 16
VisualStudioVersion = 16.0.31205.134
MinimumVisualStudioVersion = 10.0.40219.1
Project("{FAE04EC0-301F-11D3-BF4B-00C04F79EFBC}") = "TicTacToe_V1", "TicTacToe_V1\TicTacToe_V1.csproj", "{FBB2005A-935D-4EE1-B0A3-438DF3731121}"
EndProject
Global
	GlobalSection(SolutionConfigurationPlatforms) = preSolution
		Debug|Any CPU = Debug|Any CPU
		Release|Any CPU = Release|Any CPU
	EndGlobalSection
	GlobalSection(ProjectConfigurationPlatforms) = postSolution
		{FBB2005A-935D-4EE1-B0A3-438DF3731121}.Debug|Any CPU.ActiveCfg = Debug|Any CPU
		{FBB2005A-935D-4EE1-B0A3-438DF3731121}.Debug|Any CPU.Build.0 = Debug|Any CPU
		{FBB2005A-935D-4EE1-B0A3-438DF3731121}.Release|Any CPU.ActiveCfg = Release|Any CPU
		{FBB2005A-935D-4EE1-B0A3-438DF3731121}.Release|Any CPU.Build.0 = Release|Any CPU
	EndGlobalSection
	GlobalSection(SolutionProperties) = preSolution
		HideSolutionNode = FALSE
	EndGlobalSection
	GlobalSection(ExtensibilityGlobals) = postSolution
		SolutionGuid = {67D9537D-9042-4592-904B-BBACE31DAE99}
	EndGlobalSection
EndGlobal
